
Microsoft Visual Studio Solution File, Format Version 12.00
Project("{2150E333-8FDC-42A3-9474-1A3956D46DE8}") = "src", "src", "{984EBB66-07F8-45FD-8617-B2F7648DDCDA}"
EndProject
Project("{2150E333-8FDC-42A3-9474-1A3956D46DE8}") = "tests", "tests", "{A79503D4-DE10-4CD2-816A-FA3B347CAA6C}"
EndProject
Project("{2150E333-8FDC-42A3-9474-1A3956D46DE8}") = "data", "data", "{2A9C0D41-1563-4341-A3B6-8FDEA8BE19B7}"
EndProject
Project("{2150E333-8FDC-42A3-9474-1A3956D46DE8}") = "docs", "docs", "{ACD3FB85-7E26-4EE3-9BE3-78086C10EE4A}"
	ProjectSection(SolutionItems) = preProject
		docs\Interview-SqlWords.pdf = docs\Interview-SqlWords.pdf
		docs\sql_sensitive_list.txt = docs\sql_sensitive_list.txt
		docs\architecture.drawio.png = docs\architecture.drawio.png
		docs\index.md = docs\index.md
	EndProjectSection
EndProject
Project("{FAE04EC0-301F-11D3-BF4B-00C04F79EFBC}") = "Caracal.SpringBoot.Admin.Api", "src\Caracal.SpringBoot.Admin.Api\Caracal.SpringBoot.Admin.Api.csproj", "{DFE09C4E-592B-455B-9170-D25419CCFB13}"
EndProject
Project("{FAE04EC0-301F-11D3-BF4B-00C04F79EFBC}") = "Caracal.SpringBoot.Api", "src\Caracal.SpringBoot.Api\Caracal.SpringBoot.Api.csproj", "{9CCEE13F-F376-4992-BE39-115E8F00BE61}"
EndProject
Project("{2150E333-8FDC-42A3-9474-1A3956D46DE8}") = "libs", "libs", "{A2247581-4C6D-4661-8241-0404E4A0E58C}"
EndProject
Project("{FAE04EC0-301F-11D3-BF4B-00C04F79EFBC}") = "Caracal.SpringBoot.Templates", "src\libs\Caracal.SpringBoot.Templates\Caracal.SpringBoot.Templates.csproj", "{41FEE580-9685-40F6-BAC6-1FD9F44B937E}"
EndProject
Project("{FAE04EC0-301F-11D3-BF4B-00C04F79EFBC}") = "Caracal.Web.MediatR", "src\libs\Caracal.Web.MediatR\Caracal.Web.MediatR.csproj", "{BBA613AA-778D-4E68-BAB0-21356BE42933}"
EndProject
Project("{2150E333-8FDC-42A3-9474-1A3956D46DE8}") = "scripts", "scripts", "{7F16A16E-4060-461A-8142-F6775624ADC7}"
	ProjectSection(SolutionItems) = preProject
		scripts\SaveUsers.http = scripts\SaveUsers.http
		scripts\http-client.env.json = scripts\http-client.env.json
		scripts\example.http = scripts\example.http
	EndProjectSection
EndProject
Project("{FAE04EC0-301F-11D3-BF4B-00C04F79EFBC}") = "Caracal.SpringBoot.Data", "src\libs\Caracal.SpringBoot.Data\Caracal.SpringBoot.Data.csproj", "{BE29E2BC-9F43-4543-B8E1-6299049C7C4F}"
EndProject
Project("{FAE04EC0-301F-11D3-BF4B-00C04F79EFBC}") = "Caracal.Web.Core", "src\libs\Caracal.Web.Core\Caracal.Web.Core.csproj", "{7349F2F3-FABD-46DC-B77F-097835BD4DC7}"
EndProject
Project("{2150E333-8FDC-42A3-9474-1A3956D46DE8}") = "docker", "docker", "{5675BB6A-8997-49E3-B91C-CEFA03AB409B}"
	ProjectSection(SolutionItems) = preProject
		docker-compose.yml = docker-compose.yml
		Dockerfile_Api = Dockerfile_Api
		Dockerfile_Admin = Dockerfile_Admin
		Dockerfile_Worker_General = Dockerfile_Worker_General
		Dockerfile_Web = Dockerfile_Web
	EndProjectSection
EndProject
Project("{2150E333-8FDC-42A3-9474-1A3956D46DE8}") = "workers", "workers", "{80090FA4-E17D-41AD-A588-93AA4B23DEC2}"
EndProject
Project("{FAE04EC0-301F-11D3-BF4B-00C04F79EFBC}") = "Caracal.SpringBoot.Workers.General", "src\workers\Caracal.SpringBoot.Workers.General\Caracal.SpringBoot.Workers.General.csproj", "{2552EDD4-2B5B-4DB5-AFBA-01C13CAD7968}"
EndProject
Project("{2150E333-8FDC-42A3-9474-1A3956D46DE8}") = "elastic", "elastic", "{AFBBF0FF-4F1B-4488-9D77-56B429B04B78}"
	ProjectSection(SolutionItems) = preProject
		elastic\docker-compose.yml = elastic\docker-compose.yml
	EndProjectSection
EndProject
Project("{FAE04EC0-301F-11D3-BF4B-00C04F79EFBC}") = "Caracal.SpringBoot.Data.Postgres", "src\libs\Caracal.SpringBoot.Data.Postgres\Caracal.SpringBoot.Data.Postgres.csproj", "{66FE5B79-9A73-4AE2-8EFE-D676FE194AE7}"
EndProject
Project("{FAE04EC0-301F-11D3-BF4B-00C04F79EFBC}") = "Caracal.SpringBoot.Application", "src\libs\Caracal.SpringBoot.Application\Caracal.SpringBoot.Application.csproj", "{18FAC193-6C52-4EEB-B263-C3D18CEDF73D}"
EndProject
Project("{2150E333-8FDC-42A3-9474-1A3956D46DE8}") = "kafka", "kafka", "{AEA005EE-C22D-445B-8A9B-C39E2E895BD1}"
	ProjectSection(SolutionItems) = preProject
		kafka\docker-compose.yml = kafka\docker-compose.yml
		kafka\docker-compose-dev.yml = kafka\docker-compose-dev.yml
	EndProjectSection
EndProject
Project("{FAE04EC0-301F-11D3-BF4B-00C04F79EFBC}") = "Caracal.SpringBoot.Kafka", "src\libs\Caracal.SpringBoot.Kafka\Caracal.SpringBoot.Kafka.csproj", "{56B51346-BEFB-4F4E-BCBE-ACA9B2706A1C}"
EndProject
Project("{FAE04EC0-301F-11D3-BF4B-00C04F79EFBC}") = "Caracal.SpringBoot.Web", "src\Caracal.SpringBoot.Web\Caracal.SpringBoot.Web.csproj", "{BAF6D19F-CE1C-434C-B9D4-8AADBECF1ACF}"
EndProject
Global
	GlobalSection(SolutionConfigurationPlatforms) = preSolution
		Debug|Any CPU = Debug|Any CPU
		Release|Any CPU = Release|Any CPU
	EndGlobalSection
	GlobalSection(NestedProjects) = preSolution
		{DFE09C4E-592B-455B-9170-D25419CCFB13} = {984EBB66-07F8-45FD-8617-B2F7648DDCDA}
		{9CCEE13F-F376-4992-BE39-115E8F00BE61} = {984EBB66-07F8-45FD-8617-B2F7648DDCDA}
		{A2247581-4C6D-4661-8241-0404E4A0E58C} = {984EBB66-07F8-45FD-8617-B2F7648DDCDA}
		{41FEE580-9685-40F6-BAC6-1FD9F44B937E} = {A2247581-4C6D-4661-8241-0404E4A0E58C}
		{BBA613AA-778D-4E68-BAB0-21356BE42933} = {A2247581-4C6D-4661-8241-0404E4A0E58C}
		{BE29E2BC-9F43-4543-B8E1-6299049C7C4F} = {A2247581-4C6D-4661-8241-0404E4A0E58C}
		{7349F2F3-FABD-46DC-B77F-097835BD4DC7} = {A2247581-4C6D-4661-8241-0404E4A0E58C}
		{80090FA4-E17D-41AD-A588-93AA4B23DEC2} = {984EBB66-07F8-45FD-8617-B2F7648DDCDA}
		{2552EDD4-2B5B-4DB5-AFBA-01C13CAD7968} = {80090FA4-E17D-41AD-A588-93AA4B23DEC2}
		{AFBBF0FF-4F1B-4488-9D77-56B429B04B78} = {5675BB6A-8997-49E3-B91C-CEFA03AB409B}
		{66FE5B79-9A73-4AE2-8EFE-D676FE194AE7} = {A2247581-4C6D-4661-8241-0404E4A0E58C}
		{18FAC193-6C52-4EEB-B263-C3D18CEDF73D} = {A2247581-4C6D-4661-8241-0404E4A0E58C}
		{AEA005EE-C22D-445B-8A9B-C39E2E895BD1} = {5675BB6A-8997-49E3-B91C-CEFA03AB409B}
		{56B51346-BEFB-4F4E-BCBE-ACA9B2706A1C} = {A2247581-4C6D-4661-8241-0404E4A0E58C}
		{BAF6D19F-CE1C-434C-B9D4-8AADBECF1ACF} = {984EBB66-07F8-45FD-8617-B2F7648DDCDA}
	EndGlobalSection
	GlobalSection(ProjectConfigurationPlatforms) = postSolution
		{DFE09C4E-592B-455B-9170-D25419CCFB13}.Debug|Any CPU.ActiveCfg = Debug|Any CPU
		{DFE09C4E-592B-455B-9170-D25419CCFB13}.Debug|Any CPU.Build.0 = Debug|Any CPU
		{DFE09C4E-592B-455B-9170-D25419CCFB13}.Release|Any CPU.ActiveCfg = Release|Any CPU
		{DFE09C4E-592B-455B-9170-D25419CCFB13}.Release|Any CPU.Build.0 = Release|Any CPU
		{9CCEE13F-F376-4992-BE39-115E8F00BE61}.Debug|Any CPU.ActiveCfg = Debug|Any CPU
		{9CCEE13F-F376-4992-BE39-115E8F00BE61}.Debug|Any CPU.Build.0 = Debug|Any CPU
		{9CCEE13F-F376-4992-BE39-115E8F00BE61}.Release|Any CPU.ActiveCfg = Release|Any CPU
		{9CCEE13F-F376-4992-BE39-115E8F00BE61}.Release|Any CPU.Build.0 = Release|Any CPU
		{41FEE580-9685-40F6-BAC6-1FD9F44B937E}.Debug|Any CPU.ActiveCfg = Debug|Any CPU
		{41FEE580-9685-40F6-BAC6-1FD9F44B937E}.Debug|Any CPU.Build.0 = Debug|Any CPU
		{41FEE580-9685-40F6-BAC6-1FD9F44B937E}.Release|Any CPU.ActiveCfg = Release|Any CPU
		{41FEE580-9685-40F6-BAC6-1FD9F44B937E}.Release|Any CPU.Build.0 = Release|Any CPU
		{BBA613AA-778D-4E68-BAB0-21356BE42933}.Debug|Any CPU.ActiveCfg = Debug|Any CPU
		{BBA613AA-778D-4E68-BAB0-21356BE42933}.Debug|Any CPU.Build.0 = Debug|Any CPU
		{BBA613AA-778D-4E68-BAB0-21356BE42933}.Release|Any CPU.ActiveCfg = Release|Any CPU
		{BBA613AA-778D-4E68-BAB0-21356BE42933}.Release|Any CPU.Build.0 = Release|Any CPU
		{BE29E2BC-9F43-4543-B8E1-6299049C7C4F}.Debug|Any CPU.ActiveCfg = Debug|Any CPU
		{BE29E2BC-9F43-4543-B8E1-6299049C7C4F}.Debug|Any CPU.Build.0 = Debug|Any CPU
		{BE29E2BC-9F43-4543-B8E1-6299049C7C4F}.Release|Any CPU.ActiveCfg = Release|Any CPU
		{BE29E2BC-9F43-4543-B8E1-6299049C7C4F}.Release|Any CPU.Build.0 = Release|Any CPU
		{7349F2F3-FABD-46DC-B77F-097835BD4DC7}.Debug|Any CPU.ActiveCfg = Debug|Any CPU
		{7349F2F3-FABD-46DC-B77F-097835BD4DC7}.Debug|Any CPU.Build.0 = Debug|Any CPU
		{7349F2F3-FABD-46DC-B77F-097835BD4DC7}.Release|Any CPU.ActiveCfg = Release|Any CPU
		{7349F2F3-FABD-46DC-B77F-097835BD4DC7}.Release|Any CPU.Build.0 = Release|Any CPU
		{2552EDD4-2B5B-4DB5-AFBA-01C13CAD7968}.Debug|Any CPU.ActiveCfg = Debug|Any CPU
		{2552EDD4-2B5B-4DB5-AFBA-01C13CAD7968}.Debug|Any CPU.Build.0 = Debug|Any CPU
		{2552EDD4-2B5B-4DB5-AFBA-01C13CAD7968}.Release|Any CPU.ActiveCfg = Release|Any CPU
		{2552EDD4-2B5B-4DB5-AFBA-01C13CAD7968}.Release|Any CPU.Build.0 = Release|Any CPU
		{66FE5B79-9A73-4AE2-8EFE-D676FE194AE7}.Debug|Any CPU.ActiveCfg = Debug|Any CPU
		{66FE5B79-9A73-4AE2-8EFE-D676FE194AE7}.Debug|Any CPU.Build.0 = Debug|Any CPU
		{66FE5B79-9A73-4AE2-8EFE-D676FE194AE7}.Release|Any CPU.ActiveCfg = Release|Any CPU
		{66FE5B79-9A73-4AE2-8EFE-D676FE194AE7}.Release|Any CPU.Build.0 = Release|Any CPU
		{18FAC193-6C52-4EEB-B263-C3D18CEDF73D}.Debug|Any CPU.ActiveCfg = Debug|Any CPU
		{18FAC193-6C52-4EEB-B263-C3D18CEDF73D}.Debug|Any CPU.Build.0 = Debug|Any CPU
		{18FAC193-6C52-4EEB-B263-C3D18CEDF73D}.Release|Any CPU.ActiveCfg = Release|Any CPU
		{18FAC193-6C52-4EEB-B263-C3D18CEDF73D}.Release|Any CPU.Build.0 = Release|Any CPU
		{56B51346-BEFB-4F4E-BCBE-ACA9B2706A1C}.Debug|Any CPU.ActiveCfg = Debug|Any CPU
		{56B51346-BEFB-4F4E-BCBE-ACA9B2706A1C}.Debug|Any CPU.Build.0 = Debug|Any CPU
		{56B51346-BEFB-4F4E-BCBE-ACA9B2706A1C}.Release|Any CPU.ActiveCfg = Release|Any CPU
		{56B51346-BEFB-4F4E-BCBE-ACA9B2706A1C}.Release|Any CPU.Build.0 = Release|Any CPU
		{BAF6D19F-CE1C-434C-B9D4-8AADBECF1ACF}.Debug|Any CPU.ActiveCfg = Debug|Any CPU
		{BAF6D19F-CE1C-434C-B9D4-8AADBECF1ACF}.Debug|Any CPU.Build.0 = Debug|Any CPU
		{BAF6D19F-CE1C-434C-B9D4-8AADBECF1ACF}.Release|Any CPU.ActiveCfg = Release|Any CPU
		{BAF6D19F-CE1C-434C-B9D4-8AADBECF1ACF}.Release|Any CPU.Build.0 = Release|Any CPU
	EndGlobalSection
EndGlobal
