
Microsoft Visual Studio Solution File, Format Version 12.00
Project("{2150E333-8FDC-42A3-9474-1A3956D46DE8}") = "src", "src", "{984EBB66-07F8-45FD-8617-B2F7648DDCDA}"
	ProjectSection(SolutionItems) = preProject
		src\docker-compose.yml = src\docker-compose.yml
	EndProjectSection
EndProject
Project("{2150E333-8FDC-42A3-9474-1A3956D46DE8}") = "tests", "tests", "{A79503D4-DE10-4CD2-816A-FA3B347CAA6C}"
EndProject
Project("{2150E333-8FDC-42A3-9474-1A3956D46DE8}") = "data", "data", "{2A9C0D41-1563-4341-A3B6-8FDEA8BE19B7}"
EndProject
Project("{2150E333-8FDC-42A3-9474-1A3956D46DE8}") = "docs", "docs", "{ACD3FB85-7E26-4EE3-9BE3-78086C10EE4A}"
	ProjectSection(SolutionItems) = preProject
		docs\Interview-SqlWords.pdf = docs\Interview-SqlWords.pdf
		docs\sql_sensitive_list.txt = docs\sql_sensitive_list.txt
		docs\architecture.drawio.png = docs\architecture.drawio.png
		docs\index.md = docs\index.md
	EndProjectSection
EndProject
Project("{FAE04EC0-301F-11D3-BF4B-00C04F79EFBC}") = "Caracal.SpringBoot.Admin.Api", "src\Caracal.SpringBoot.Admin.Api\Caracal.SpringBoot.Admin.Api.csproj", "{DFE09C4E-592B-455B-9170-D25419CCFB13}"
EndProject
Project("{FAE04EC0-301F-11D3-BF4B-00C04F79EFBC}") = "Caracal.SpringBoot.Api", "src\Caracal.SpringBoot.Api\Caracal.SpringBoot.Api.csproj", "{9CCEE13F-F376-4992-BE39-115E8F00BE61}"
EndProject
Project("{2150E333-8FDC-42A3-9474-1A3956D46DE8}") = "libs", "libs", "{A2247581-4C6D-4661-8241-0404E4A0E58C}"
EndProject
Project("{FAE04EC0-301F-11D3-BF4B-00C04F79EFBC}") = "Caracal.SpringBoot.Templates", "src\libs\Caracal.SpringBoot.Templates\Caracal.SpringBoot.Templates.csproj", "{41FEE580-9685-40F6-BAC6-1FD9F44B937E}"
EndProject
Project("{FAE04EC0-301F-11D3-BF4B-00C04F79EFBC}") = "Caracal.Web.MediatR", "src\libs\Caracal.Web.MediatR\Caracal.Web.MediatR.csproj", "{BBA613AA-778D-4E68-BAB0-21356BE42933}"
EndProject
Project("{FAE04EC0-301F-11D3-BF4B-00C04F79EFBC}") = "Caracal.SpringBoot.Business", "src\libs\Caracal.SpringBoot.Business\Caracal.SpringBoot.Business.csproj", "{11491C81-224C-4BC2-84DC-9EFFA973684A}"
EndProject
Project("{2150E333-8FDC-42A3-9474-1A3956D46DE8}") = "scripts", "scripts", "{7F16A16E-4060-461A-8142-F6775624ADC7}"
	ProjectSection(SolutionItems) = preProject
		scripts\SaveUsers.http = scripts\SaveUsers.http
		scripts\http-client.env.json = scripts\http-client.env.json
	EndProjectSection
EndProject
Project("{FAE04EC0-301F-11D3-BF4B-00C04F79EFBC}") = "Caracal.SpringBoot.Data", "src\libs\Caracal.SpringBoot.Data\Caracal.SpringBoot.Data.csproj", "{BE29E2BC-9F43-4543-B8E1-6299049C7C4F}"
EndProject
Project("{FAE04EC0-301F-11D3-BF4B-00C04F79EFBC}") = "Caracal.Web.Core", "src\libs\Caracal.Web.Core\Caracal.Web.Core.csproj", "{7349F2F3-FABD-46DC-B77F-097835BD4DC7}"
EndProject
Global
	GlobalSection(SolutionConfigurationPlatforms) = preSolution
		Debug|Any CPU = Debug|Any CPU
		Release|Any CPU = Release|Any CPU
	EndGlobalSection
	GlobalSection(NestedProjects) = preSolution
		{DFE09C4E-592B-455B-9170-D25419CCFB13} = {984EBB66-07F8-45FD-8617-B2F7648DDCDA}
		{9CCEE13F-F376-4992-BE39-115E8F00BE61} = {984EBB66-07F8-45FD-8617-B2F7648DDCDA}
		{A2247581-4C6D-4661-8241-0404E4A0E58C} = {984EBB66-07F8-45FD-8617-B2F7648DDCDA}
		{41FEE580-9685-40F6-BAC6-1FD9F44B937E} = {A2247581-4C6D-4661-8241-0404E4A0E58C}
		{BBA613AA-778D-4E68-BAB0-21356BE42933} = {A2247581-4C6D-4661-8241-0404E4A0E58C}
		{11491C81-224C-4BC2-84DC-9EFFA973684A} = {A2247581-4C6D-4661-8241-0404E4A0E58C}
		{BE29E2BC-9F43-4543-B8E1-6299049C7C4F} = {A2247581-4C6D-4661-8241-0404E4A0E58C}
		{7349F2F3-FABD-46DC-B77F-097835BD4DC7} = {A2247581-4C6D-4661-8241-0404E4A0E58C}
	EndGlobalSection
	GlobalSection(ProjectConfigurationPlatforms) = postSolution
		{DFE09C4E-592B-455B-9170-D25419CCFB13}.Debug|Any CPU.ActiveCfg = Debug|Any CPU
		{DFE09C4E-592B-455B-9170-D25419CCFB13}.Debug|Any CPU.Build.0 = Debug|Any CPU
		{DFE09C4E-592B-455B-9170-D25419CCFB13}.Release|Any CPU.ActiveCfg = Release|Any CPU
		{DFE09C4E-592B-455B-9170-D25419CCFB13}.Release|Any CPU.Build.0 = Release|Any CPU
		{9CCEE13F-F376-4992-BE39-115E8F00BE61}.Debug|Any CPU.ActiveCfg = Debug|Any CPU
		{9CCEE13F-F376-4992-BE39-115E8F00BE61}.Debug|Any CPU.Build.0 = Debug|Any CPU
		{9CCEE13F-F376-4992-BE39-115E8F00BE61}.Release|Any CPU.ActiveCfg = Release|Any CPU
		{9CCEE13F-F376-4992-BE39-115E8F00BE61}.Release|Any CPU.Build.0 = Release|Any CPU
		{41FEE580-9685-40F6-BAC6-1FD9F44B937E}.Debug|Any CPU.ActiveCfg = Debug|Any CPU
		{41FEE580-9685-40F6-BAC6-1FD9F44B937E}.Debug|Any CPU.Build.0 = Debug|Any CPU
		{41FEE580-9685-40F6-BAC6-1FD9F44B937E}.Release|Any CPU.ActiveCfg = Release|Any CPU
		{41FEE580-9685-40F6-BAC6-1FD9F44B937E}.Release|Any CPU.Build.0 = Release|Any CPU
		{BBA613AA-778D-4E68-BAB0-21356BE42933}.Debug|Any CPU.ActiveCfg = Debug|Any CPU
		{BBA613AA-778D-4E68-BAB0-21356BE42933}.Debug|Any CPU.Build.0 = Debug|Any CPU
		{BBA613AA-778D-4E68-BAB0-21356BE42933}.Release|Any CPU.ActiveCfg = Release|Any CPU
		{BBA613AA-778D-4E68-BAB0-21356BE42933}.Release|Any CPU.Build.0 = Release|Any CPU
		{11491C81-224C-4BC2-84DC-9EFFA973684A}.Debug|Any CPU.ActiveCfg = Debug|Any CPU
		{11491C81-224C-4BC2-84DC-9EFFA973684A}.Debug|Any CPU.Build.0 = Debug|Any CPU
		{11491C81-224C-4BC2-84DC-9EFFA973684A}.Release|Any CPU.ActiveCfg = Release|Any CPU
		{11491C81-224C-4BC2-84DC-9EFFA973684A}.Release|Any CPU.Build.0 = Release|Any CPU
		{BE29E2BC-9F43-4543-B8E1-6299049C7C4F}.Debug|Any CPU.ActiveCfg = Debug|Any CPU
		{BE29E2BC-9F43-4543-B8E1-6299049C7C4F}.Debug|Any CPU.Build.0 = Debug|Any CPU
		{BE29E2BC-9F43-4543-B8E1-6299049C7C4F}.Release|Any CPU.ActiveCfg = Release|Any CPU
		{BE29E2BC-9F43-4543-B8E1-6299049C7C4F}.Release|Any CPU.Build.0 = Release|Any CPU
		{7349F2F3-FABD-46DC-B77F-097835BD4DC7}.Debug|Any CPU.ActiveCfg = Debug|Any CPU
		{7349F2F3-FABD-46DC-B77F-097835BD4DC7}.Debug|Any CPU.Build.0 = Debug|Any CPU
		{7349F2F3-FABD-46DC-B77F-097835BD4DC7}.Release|Any CPU.ActiveCfg = Release|Any CPU
		{7349F2F3-FABD-46DC-B77F-097835BD4DC7}.Release|Any CPU.Build.0 = Release|Any CPU
	EndGlobalSection
EndGlobal
